
Microsoft Visual Studio Solution File, Format Version 12.00
# Visual Studio Version 16
VisualStudioVersion = 16.0.30225.117
MinimumVisualStudioVersion = 10.0.40219.1
Project("{8BC9CEB8-8B4A-11D0-8D11-00A0C91BC942}") = "09-함수", "09-함수\09-함수.vcxproj", "{EB1E6850-89D3-4742-A9F3-50DE5E105A19}"
EndProject
Global
	GlobalSection(SolutionConfigurationPlatforms) = preSolution
		Debug|x64 = Debug|x64
		Debug|x86 = Debug|x86
		Release|x64 = Release|x64
		Release|x86 = Release|x86
	EndGlobalSection
	GlobalSection(ProjectConfigurationPlatforms) = postSolution
		{EB1E6850-89D3-4742-A9F3-50DE5E105A19}.Debug|x64.ActiveCfg = Debug|x64
		{EB1E6850-89D3-4742-A9F3-50DE5E105A19}.Debug|x64.Build.0 = Debug|x64
		{EB1E6850-89D3-4742-A9F3-50DE5E105A19}.Debug|x86.ActiveCfg = Debug|Win32
		{EB1E6850-89D3-4742-A9F3-50DE5E105A19}.Debug|x86.Build.0 = Debug|Win32
		{EB1E6850-89D3-4742-A9F3-50DE5E105A19}.Release|x64.ActiveCfg = Release|x64
		{EB1E6850-89D3-4742-A9F3-50DE5E105A19}.Release|x64.Build.0 = Release|x64
		{EB1E6850-89D3-4742-A9F3-50DE5E105A19}.Release|x86.ActiveCfg = Release|Win32
		{EB1E6850-89D3-4742-A9F3-50DE5E105A19}.Release|x86.Build.0 = Release|Win32
	EndGlobalSection
	GlobalSection(SolutionProperties) = preSolution
		HideSolutionNode = FALSE
	EndGlobalSection
	GlobalSection(ExtensibilityGlobals) = postSolution
		SolutionGuid = {D7F1DDF4-F4BD-4AD5-AE73-4221908E61E2}
	EndGlobalSection
EndGlobal
